
Microsoft Visual Studio Solution File, Format Version 12.00
# Visual Studio Version 16
VisualStudioVersion = 16.0.31911.196
MinimumVisualStudioVersion = 10.0.40219.1
Project("{FAE04EC0-301F-11D3-BF4B-00C04F79EFBC}") = "euroDiffusion", "euroDiffusion.csproj", "{ED1B1AD0-57B3-4936-8484-41BE7DBFE773}"
EndProject
Global
	GlobalSection(SolutionConfigurationPlatforms) = preSolution
		Debug|Any CPU = Debug|Any CPU
		Release|Any CPU = Release|Any CPU
	EndGlobalSection
	GlobalSection(ProjectConfigurationPlatforms) = postSolution
		{ED1B1AD0-57B3-4936-8484-41BE7DBFE773}.Debug|Any CPU.ActiveCfg = Debug|Any CPU
		{ED1B1AD0-57B3-4936-8484-41BE7DBFE773}.Debug|Any CPU.Build.0 = Debug|Any CPU
		{ED1B1AD0-57B3-4936-8484-41BE7DBFE773}.Release|Any CPU.ActiveCfg = Release|Any CPU
		{ED1B1AD0-57B3-4936-8484-41BE7DBFE773}.Release|Any CPU.Build.0 = Release|Any CPU
	EndGlobalSection
	GlobalSection(SolutionProperties) = preSolution
		HideSolutionNode = FALSE
	EndGlobalSection
	GlobalSection(ExtensibilityGlobals) = postSolution
		SolutionGuid = {3777DA68-01CC-4B74-8953-690F3B0FFAF5}
	EndGlobalSection
EndGlobal
